
Microsoft Visual Studio Solution File, Format Version 12.00
# Visual Studio Version 17
VisualStudioVersion = 17.10.35013.160
MinimumVisualStudioVersion = 10.0.40219.1
Project("{FAE04EC0-301F-11D3-BF4B-00C04F79EFBC}") = "Electronic", "Electronic\Electronic.csproj", "{857A9C24-19FE-45C5-90D7-1DC68155D41F}"
EndProject
Global
	GlobalSection(SolutionConfigurationPlatforms) = preSolution
		Debug|Any CPU = Debug|Any CPU
		Release|Any CPU = Release|Any CPU
	EndGlobalSection
	GlobalSection(ProjectConfigurationPlatforms) = postSolution
		{857A9C24-19FE-45C5-90D7-1DC68155D41F}.Debug|Any CPU.ActiveCfg = Debug|Any CPU
		{857A9C24-19FE-45C5-90D7-1DC68155D41F}.Debug|Any CPU.Build.0 = Debug|Any CPU
		{857A9C24-19FE-45C5-90D7-1DC68155D41F}.Release|Any CPU.ActiveCfg = Release|Any CPU
		{857A9C24-19FE-45C5-90D7-1DC68155D41F}.Release|Any CPU.Build.0 = Release|Any CPU
	EndGlobalSection
	GlobalSection(SolutionProperties) = preSolution
		HideSolutionNode = FALSE
	EndGlobalSection
	GlobalSection(ExtensibilityGlobals) = postSolution
		SolutionGuid = {1D248583-6E31-4D4F-A44F-9F84CFB4120B}
	EndGlobalSection
EndGlobal
